
Microsoft Visual Studio Solution File, Format Version 12.00
# Visual Studio 15
VisualStudioVersion = 15.0.27004.2005
MinimumVisualStudioVersion = 10.0.40219.1
Project("{2150E333-8FDC-42A3-9474-1A3956D46DE8}") = "Ui", "Ui", "{130D858D-E799-4CF7-8F91-D2A81AD122A0}"
EndProject
Project("{FAE04EC0-301F-11D3-BF4B-00C04F79EFBC}") = "Lvshi.WebSite", "Lvshi.WebSite\Lvshi.WebSite.csproj", "{C0ECF540-8130-434B-BE94-6BC6727F57BF}"
EndProject
Project("{2150E333-8FDC-42A3-9474-1A3956D46DE8}") = "Model", "Model", "{EA699429-5F9B-46D6-9177-EC6BAD5C0385}"
EndProject
Project("{2150E333-8FDC-42A3-9474-1A3956D46DE8}") = "BusinessLogicLayer", "BusinessLogicLayer", "{D6F93735-0F40-453C-AD68-2E62531A9F56}"
EndProject
Project("{2150E333-8FDC-42A3-9474-1A3956D46DE8}") = "DataAccessLayer", "DataAccessLayer", "{29431F92-CFE7-4416-BB3A-83D8BAF551F3}"
EndProject
Project("{FAE04EC0-301F-11D3-BF4B-00C04F79EFBC}") = "Lvshi.Manage", "Lvshi.Manage\Lvshi.Manage.csproj", "{F6566231-124D-492F-98F7-8F5A6C67537E}"
EndProject
Project("{FAE04EC0-301F-11D3-BF4B-00C04F79EFBC}") = "Lvshi.Table", "Lvshi.Table\Lvshi.Table.csproj", "{3636FF93-047A-48C6-91FD-58F14624E132}"
EndProject
Project("{FAE04EC0-301F-11D3-BF4B-00C04F79EFBC}") = "Lvshi.Implement", "Lvshi.Implement\Lvshi.Implement.csproj", "{3C74C040-C793-4725-8F03-E2A5F6D05E01}"
EndProject
Project("{FAE04EC0-301F-11D3-BF4B-00C04F79EFBC}") = "Lvshi.DataBase", "Lvshi.DataBase\Lvshi.DataBase.csproj", "{53DCCBD0-4AB3-4CA2-9130-373F9C1EDC94}"
EndProject
Project("{FAE04EC0-301F-11D3-BF4B-00C04F79EFBC}") = "Lvshi.Recombination", "Lvshi.Recombination\Lvshi.Recombination.csproj", "{E15B3019-C47C-4614-9F2D-B640D3957C5C}"
EndProject
Project("{2150E333-8FDC-42A3-9474-1A3956D46DE8}") = "_Data", "_Data", "{DB3ED73A-F0E1-43C9-8536-F065D7E430D5}"
EndProject
Project("{D954291E-2A0B-460D-934E-DC6B0785DB48}") = "dll", "_Data\dll\dll.shproj", "{FD07F1D0-A220-46A1-BF13-3899249AF60D}"
EndProject
Global
	GlobalSection(SharedMSBuildProjectFiles) = preSolution
		_Data\dll\dll.projitems*{fd07f1d0-a220-46a1-bf13-3899249af60d}*SharedItemsImports = 13
	EndGlobalSection
	GlobalSection(SolutionConfigurationPlatforms) = preSolution
		Debug|Any CPU = Debug|Any CPU
		Release|Any CPU = Release|Any CPU
	EndGlobalSection
	GlobalSection(ProjectConfigurationPlatforms) = postSolution
		{C0ECF540-8130-434B-BE94-6BC6727F57BF}.Debug|Any CPU.ActiveCfg = Debug|Any CPU
		{C0ECF540-8130-434B-BE94-6BC6727F57BF}.Debug|Any CPU.Build.0 = Debug|Any CPU
		{C0ECF540-8130-434B-BE94-6BC6727F57BF}.Release|Any CPU.ActiveCfg = Release|Any CPU
		{C0ECF540-8130-434B-BE94-6BC6727F57BF}.Release|Any CPU.Build.0 = Release|Any CPU
		{F6566231-124D-492F-98F7-8F5A6C67537E}.Debug|Any CPU.ActiveCfg = Debug|Any CPU
		{F6566231-124D-492F-98F7-8F5A6C67537E}.Debug|Any CPU.Build.0 = Debug|Any CPU
		{F6566231-124D-492F-98F7-8F5A6C67537E}.Release|Any CPU.ActiveCfg = Release|Any CPU
		{F6566231-124D-492F-98F7-8F5A6C67537E}.Release|Any CPU.Build.0 = Release|Any CPU
		{3636FF93-047A-48C6-91FD-58F14624E132}.Debug|Any CPU.ActiveCfg = Debug|Any CPU
		{3636FF93-047A-48C6-91FD-58F14624E132}.Debug|Any CPU.Build.0 = Debug|Any CPU
		{3636FF93-047A-48C6-91FD-58F14624E132}.Release|Any CPU.ActiveCfg = Release|Any CPU
		{3636FF93-047A-48C6-91FD-58F14624E132}.Release|Any CPU.Build.0 = Release|Any CPU
		{3C74C040-C793-4725-8F03-E2A5F6D05E01}.Debug|Any CPU.ActiveCfg = Debug|Any CPU
		{3C74C040-C793-4725-8F03-E2A5F6D05E01}.Debug|Any CPU.Build.0 = Debug|Any CPU
		{3C74C040-C793-4725-8F03-E2A5F6D05E01}.Release|Any CPU.ActiveCfg = Release|Any CPU
		{3C74C040-C793-4725-8F03-E2A5F6D05E01}.Release|Any CPU.Build.0 = Release|Any CPU
		{53DCCBD0-4AB3-4CA2-9130-373F9C1EDC94}.Debug|Any CPU.ActiveCfg = Debug|Any CPU
		{53DCCBD0-4AB3-4CA2-9130-373F9C1EDC94}.Debug|Any CPU.Build.0 = Debug|Any CPU
		{53DCCBD0-4AB3-4CA2-9130-373F9C1EDC94}.Release|Any CPU.ActiveCfg = Release|Any CPU
		{53DCCBD0-4AB3-4CA2-9130-373F9C1EDC94}.Release|Any CPU.Build.0 = Release|Any CPU
		{E15B3019-C47C-4614-9F2D-B640D3957C5C}.Debug|Any CPU.ActiveCfg = Debug|Any CPU
		{E15B3019-C47C-4614-9F2D-B640D3957C5C}.Debug|Any CPU.Build.0 = Debug|Any CPU
		{E15B3019-C47C-4614-9F2D-B640D3957C5C}.Release|Any CPU.ActiveCfg = Release|Any CPU
		{E15B3019-C47C-4614-9F2D-B640D3957C5C}.Release|Any CPU.Build.0 = Release|Any CPU
	EndGlobalSection
	GlobalSection(SolutionProperties) = preSolution
		HideSolutionNode = FALSE
	EndGlobalSection
	GlobalSection(NestedProjects) = preSolution
		{C0ECF540-8130-434B-BE94-6BC6727F57BF} = {130D858D-E799-4CF7-8F91-D2A81AD122A0}
		{F6566231-124D-492F-98F7-8F5A6C67537E} = {130D858D-E799-4CF7-8F91-D2A81AD122A0}
		{3636FF93-047A-48C6-91FD-58F14624E132} = {EA699429-5F9B-46D6-9177-EC6BAD5C0385}
		{3C74C040-C793-4725-8F03-E2A5F6D05E01} = {D6F93735-0F40-453C-AD68-2E62531A9F56}
		{53DCCBD0-4AB3-4CA2-9130-373F9C1EDC94} = {29431F92-CFE7-4416-BB3A-83D8BAF551F3}
		{E15B3019-C47C-4614-9F2D-B640D3957C5C} = {EA699429-5F9B-46D6-9177-EC6BAD5C0385}
		{FD07F1D0-A220-46A1-BF13-3899249AF60D} = {DB3ED73A-F0E1-43C9-8536-F065D7E430D5}
	EndGlobalSection
	GlobalSection(ExtensibilityGlobals) = postSolution
		SolutionGuid = {25C6AA31-6E84-4878-AB99-D9F8EF6BB405}
	EndGlobalSection
EndGlobal
